
Microsoft Visual Studio Solution File, Format Version 12.00
# Visual Studio Version 16
VisualStudioVersion = 16.0.30711.63
MinimumVisualStudioVersion = 10.0.40219.1
Project("{9A19103F-16F7-4668-BE54-9A1E7A4F7556}") = "RegisterAndLoginServices", "RegisterAndLoginServices.csproj", "{029584E8-BD99-492C-88CB-401E56170596}"
EndProject
Project("{FAE04EC0-301F-11D3-BF4B-00C04F79EFBC}") = "UnitTest", "UnitTest\UnitTest.csproj", "{B948F8C9-BDFA-4FA0-AEE3-B638E8A4D49A}"
EndProject
Global
	GlobalSection(SolutionConfigurationPlatforms) = preSolution
		Debug|Any CPU = Debug|Any CPU
		Release|Any CPU = Release|Any CPU
	EndGlobalSection
	GlobalSection(ProjectConfigurationPlatforms) = postSolution
		{029584E8-BD99-492C-88CB-401E56170596}.Debug|Any CPU.ActiveCfg = Debug|Any CPU
		{029584E8-BD99-492C-88CB-401E56170596}.Debug|Any CPU.Build.0 = Debug|Any CPU
		{029584E8-BD99-492C-88CB-401E56170596}.Release|Any CPU.ActiveCfg = Release|Any CPU
		{029584E8-BD99-492C-88CB-401E56170596}.Release|Any CPU.Build.0 = Release|Any CPU
		{B948F8C9-BDFA-4FA0-AEE3-B638E8A4D49A}.Debug|Any CPU.ActiveCfg = Debug|Any CPU
		{B948F8C9-BDFA-4FA0-AEE3-B638E8A4D49A}.Debug|Any CPU.Build.0 = Debug|Any CPU
		{B948F8C9-BDFA-4FA0-AEE3-B638E8A4D49A}.Release|Any CPU.ActiveCfg = Release|Any CPU
		{B948F8C9-BDFA-4FA0-AEE3-B638E8A4D49A}.Release|Any CPU.Build.0 = Release|Any CPU
	EndGlobalSection
	GlobalSection(SolutionProperties) = preSolution
		HideSolutionNode = FALSE
	EndGlobalSection
	GlobalSection(ExtensibilityGlobals) = postSolution
		SolutionGuid = {9E03123D-1B7F-4BA1-982A-066235ABB539}
	EndGlobalSection
EndGlobal
